
Microsoft Visual Studio Solution File, Format Version 12.00
# Visual Studio Version 17
VisualStudioVersion = 17.10.35013.160
MinimumVisualStudioVersion = 10.0.40219.1
Project("{9A19103F-16F7-4668-BE54-9A1E7A4F7556}") = "DockerSample", "DockerSample.csproj", "{9616708B-6413-493D-8880-8D90DB2C2059}"
EndProject
Global
	GlobalSection(SolutionConfigurationPlatforms) = preSolution
		Debug|Any CPU = Debug|Any CPU
		Release|Any CPU = Release|Any CPU
	EndGlobalSection
	GlobalSection(ProjectConfigurationPlatforms) = postSolution
		{9616708B-6413-493D-8880-8D90DB2C2059}.Debug|Any CPU.ActiveCfg = Debug|Any CPU
		{9616708B-6413-493D-8880-8D90DB2C2059}.Debug|Any CPU.Build.0 = Debug|Any CPU
		{9616708B-6413-493D-8880-8D90DB2C2059}.Release|Any CPU.ActiveCfg = Release|Any CPU
		{9616708B-6413-493D-8880-8D90DB2C2059}.Release|Any CPU.Build.0 = Release|Any CPU
	EndGlobalSection
	GlobalSection(SolutionProperties) = preSolution
		HideSolutionNode = FALSE
	EndGlobalSection
	GlobalSection(ExtensibilityGlobals) = postSolution
		SolutionGuid = {5E0EC84F-3A74-4B1A-8EA2-5433C2777049}
	EndGlobalSection
EndGlobal
